uuid: 5d6298e6-529f-4008-b53b-2bcd7015308d
langcode: en
status: true
dependencies:
  module:
    - social_post
    - system
  theme:
    - socialbase
_core:
  default_config_hash: P48P5vAKh5cdHENgfiw66njirMIylYzdKUN2jOQg00o
id: postblock
theme: socialbase
region: hidden
weight: -7
provider: null
plugin: post_block
settings:
  id: post_block
  label: 'Post block'
  provider: social_post
  label_display: '0'
visibility:
  request_path:
    id: request_path
    pages: /stream
    negate: false
    context_mapping: {  }
