uuid: b705dfee-347c-4100-89fb-8bc3e4054869
langcode: en
status: true
dependencies:
  module:
    - social_user
    - user
  theme:
    - nscn
id: nscn_accountheaderblock
theme: nscn
region: header
weight: 2
provider: null
plugin: account_header_block
settings:
  id: account_header_block
  label: 'Account header block'
  provider: social_user
  label_display: '0'
  context_mapping:
    user: '@user.current_user_context:current_user'
visibility:
  user_role:
    id: user_role
    roles:
      authenticated: authenticated
      administrator: administrator
    negate: false
    context_mapping:
      user: '@user.current_user_context:current_user'
