uuid: 5d08a19c-83e1-4f69-ab15-62758d85e5e2
langcode: en
status: true
dependencies:
  module:
    - social_post_photo
    - system
  theme:
    - nscn
_core:
  default_config_hash: b5E5NPiSRKlKRNZcEWgscia7LJXEHE6iMoBAyh0uJRU
id: nscn_postonprofileblock
theme: nscn
region: hidden
weight: -22
provider: null
plugin: post_photo_profile_block
settings:
  id: post_profile_block
  label: 'Post on profile block'
  provider: social_post
  label_display: '0'
visibility:
  request_path:
    id: request_path
    pages: '/user/*/stream'
    negate: false
    context_mapping: {  }
